{
  "name": "agent-session-data-factory",
  "version": "0.2.0",
  "lockfileVersion": 3,
  "requires": true,
  "packages": {
    "": {
      "name": "agent-session-data-factory",
      "version": "0.2.0",
      "license": "MIT",
      "bin": {
        "agent-data": "packages/cli/bin/agent-data.js"
      },
      "engines": {
        "node": ">=20"
      }
    }
  }
}
